
Microsoft Visual Studio Solution File, Format Version 12.00
# Visual Studio Version 17
VisualStudioVersion = 17.11.35222.181
MinimumVisualStudioVersion = 10.0.40219.1
Project("{FAE04EC0-301F-11D3-BF4B-00C04F79EFBC}") = "Task1", "Task1\Task1.csproj", "{D1CE21F5-BDA2-4D72-9DEA-D1E1C9A8B1E6}"
EndProject
Project("{FAE04EC0-301F-11D3-BF4B-00C04F79EFBC}") = "Task2", "Task2\Task2.csproj", "{8A89B4C0-2B5A-42D6-90C6-64B5BD683073}"
EndProject
Global
	GlobalSection(SolutionConfigurationPlatforms) = preSolution
		Debug|Any CPU = Debug|Any CPU
		Release|Any CPU = Release|Any CPU
	EndGlobalSection
	GlobalSection(ProjectConfigurationPlatforms) = postSolution
		{D1CE21F5-BDA2-4D72-9DEA-D1E1C9A8B1E6}.Debug|Any CPU.ActiveCfg = Debug|Any CPU
		{D1CE21F5-BDA2-4D72-9DEA-D1E1C9A8B1E6}.Debug|Any CPU.Build.0 = Debug|Any CPU
		{D1CE21F5-BDA2-4D72-9DEA-D1E1C9A8B1E6}.Release|Any CPU.ActiveCfg = Release|Any CPU
		{D1CE21F5-BDA2-4D72-9DEA-D1E1C9A8B1E6}.Release|Any CPU.Build.0 = Release|Any CPU
		{8A89B4C0-2B5A-42D6-90C6-64B5BD683073}.Debug|Any CPU.ActiveCfg = Debug|Any CPU
		{8A89B4C0-2B5A-42D6-90C6-64B5BD683073}.Debug|Any CPU.Build.0 = Debug|Any CPU
		{8A89B4C0-2B5A-42D6-90C6-64B5BD683073}.Release|Any CPU.ActiveCfg = Release|Any CPU
		{8A89B4C0-2B5A-42D6-90C6-64B5BD683073}.Release|Any CPU.Build.0 = Release|Any CPU
	EndGlobalSection
	GlobalSection(SolutionProperties) = preSolution
		HideSolutionNode = FALSE
	EndGlobalSection
	GlobalSection(ExtensibilityGlobals) = postSolution
		SolutionGuid = {C1929D71-8FD1-4995-B0FD-038913F77044}
	EndGlobalSection
EndGlobal
